
Microsoft Visual Studio Solution File, Format Version 12.00
# Visual Studio Version 16
VisualStudioVersion = 16.0.31702.278
MinimumVisualStudioVersion = 10.0.40219.1
Project("{9A19103F-16F7-4668-BE54-9A1E7A4F7556}") = "AspGestContact", "AspGestContact\AspGestContact.csproj", "{74FB50C1-4EB8-474C-8104-E7C5CF1AEF73}"
EndProject
Project("{9A19103F-16F7-4668-BE54-9A1E7A4F7556}") = "DataAccessLayer", "DataAccessLayer\DataAccessLayer.csproj", "{CCE91A7A-C095-4492-88F1-AA8C7A1E28DB}"
EndProject
Project("{9A19103F-16F7-4668-BE54-9A1E7A4F7556}") = "BusinessLogicLayer", "BusinessLogicLayer\BusinessLogicLayer.csproj", "{C6AB7F66-C4B7-43D4-8656-4BDEB0325D5A}"
EndProject
Global
	GlobalSection(SolutionConfigurationPlatforms) = preSolution
		Debug|Any CPU = Debug|Any CPU
		Release|Any CPU = Release|Any CPU
	EndGlobalSection
	GlobalSection(ProjectConfigurationPlatforms) = postSolution
		{74FB50C1-4EB8-474C-8104-E7C5CF1AEF73}.Debug|Any CPU.ActiveCfg = Debug|Any CPU
		{74FB50C1-4EB8-474C-8104-E7C5CF1AEF73}.Debug|Any CPU.Build.0 = Debug|Any CPU
		{74FB50C1-4EB8-474C-8104-E7C5CF1AEF73}.Release|Any CPU.ActiveCfg = Release|Any CPU
		{74FB50C1-4EB8-474C-8104-E7C5CF1AEF73}.Release|Any CPU.Build.0 = Release|Any CPU
		{CCE91A7A-C095-4492-88F1-AA8C7A1E28DB}.Debug|Any CPU.ActiveCfg = Debug|Any CPU
		{CCE91A7A-C095-4492-88F1-AA8C7A1E28DB}.Debug|Any CPU.Build.0 = Debug|Any CPU
		{CCE91A7A-C095-4492-88F1-AA8C7A1E28DB}.Release|Any CPU.ActiveCfg = Release|Any CPU
		{CCE91A7A-C095-4492-88F1-AA8C7A1E28DB}.Release|Any CPU.Build.0 = Release|Any CPU
		{C6AB7F66-C4B7-43D4-8656-4BDEB0325D5A}.Debug|Any CPU.ActiveCfg = Debug|Any CPU
		{C6AB7F66-C4B7-43D4-8656-4BDEB0325D5A}.Debug|Any CPU.Build.0 = Debug|Any CPU
		{C6AB7F66-C4B7-43D4-8656-4BDEB0325D5A}.Release|Any CPU.ActiveCfg = Release|Any CPU
		{C6AB7F66-C4B7-43D4-8656-4BDEB0325D5A}.Release|Any CPU.Build.0 = Release|Any CPU
	EndGlobalSection
	GlobalSection(SolutionProperties) = preSolution
		HideSolutionNode = FALSE
	EndGlobalSection
	GlobalSection(ExtensibilityGlobals) = postSolution
		SolutionGuid = {0C1C811F-1C20-431D-9B99-486814A2086F}
	EndGlobalSection
EndGlobal
